
Microsoft Visual Studio Solution File, Format Version 12.00
# Visual Studio Version 17
VisualStudioVersion = 17.2.32630.192
MinimumVisualStudioVersion = 10.0.40219.1
Project("{9A19103F-16F7-4668-BE54-9A1E7A4F7556}") = "WpfCalc", "WpfCalc\WpfCalc.csproj", "{21AF82CB-7567-48EC-9290-A8F98FE3673B}"
EndProject
Project("{FAE04EC0-301F-11D3-BF4B-00C04F79EFBC}") = "WpfMVVMCalc", "WpfMVVMCalc\WpfMVVMCalc.csproj", "{03DC1B89-A78C-4A4E-93B4-3BF0A5315D75}"
EndProject
Project("{FAE04EC0-301F-11D3-BF4B-00C04F79EFBC}") = "WpfVMSendMsg", "WpfVMSendMsg\WpfVMSendMsg.csproj", "{22687BE5-3A9F-438B-AF60-6998F2402E5F}"
EndProject
Global
	GlobalSection(SolutionConfigurationPlatforms) = preSolution
		Debug|Any CPU = Debug|Any CPU
		Release|Any CPU = Release|Any CPU
	EndGlobalSection
	GlobalSection(ProjectConfigurationPlatforms) = postSolution
		{21AF82CB-7567-48EC-9290-A8F98FE3673B}.Debug|Any CPU.ActiveCfg = Debug|Any CPU
		{21AF82CB-7567-48EC-9290-A8F98FE3673B}.Debug|Any CPU.Build.0 = Debug|Any CPU
		{21AF82CB-7567-48EC-9290-A8F98FE3673B}.Release|Any CPU.ActiveCfg = Release|Any CPU
		{21AF82CB-7567-48EC-9290-A8F98FE3673B}.Release|Any CPU.Build.0 = Release|Any CPU
		{03DC1B89-A78C-4A4E-93B4-3BF0A5315D75}.Debug|Any CPU.ActiveCfg = Debug|Any CPU
		{03DC1B89-A78C-4A4E-93B4-3BF0A5315D75}.Debug|Any CPU.Build.0 = Debug|Any CPU
		{03DC1B89-A78C-4A4E-93B4-3BF0A5315D75}.Release|Any CPU.ActiveCfg = Release|Any CPU
		{03DC1B89-A78C-4A4E-93B4-3BF0A5315D75}.Release|Any CPU.Build.0 = Release|Any CPU
		{22687BE5-3A9F-438B-AF60-6998F2402E5F}.Debug|Any CPU.ActiveCfg = Debug|Any CPU
		{22687BE5-3A9F-438B-AF60-6998F2402E5F}.Debug|Any CPU.Build.0 = Debug|Any CPU
		{22687BE5-3A9F-438B-AF60-6998F2402E5F}.Release|Any CPU.ActiveCfg = Release|Any CPU
		{22687BE5-3A9F-438B-AF60-6998F2402E5F}.Release|Any CPU.Build.0 = Release|Any CPU
	EndGlobalSection
	GlobalSection(SolutionProperties) = preSolution
		HideSolutionNode = FALSE
	EndGlobalSection
	GlobalSection(ExtensibilityGlobals) = postSolution
		SolutionGuid = {1E63F3F5-A417-4E26-9768-DC7F7571F0B4}
	EndGlobalSection
EndGlobal
