
Microsoft Visual Studio Solution File, Format Version 12.00
# Visual Studio Version 17
VisualStudioVersion = 17.0.32014.148
MinimumVisualStudioVersion = 10.0.40219.1
Project("{FAE04EC0-301F-11D3-BF4B-00C04F79EFBC}") = "AbstractFactory", "DesignPattern\AbstractFactory.csproj", "{A6D77772-D757-46E3-9A1E-B7A5AF695348}"
EndProject
Project("{FAE04EC0-301F-11D3-BF4B-00C04F79EFBC}") = "FactoryMethod", "FactoryMethod\FactoryMethod.csproj", "{EAE69931-6020-44ED-8F11-BF583E20708A}"
EndProject
Project("{FAE04EC0-301F-11D3-BF4B-00C04F79EFBC}") = "SimpleFactory", "SimpleFactory\SimpleFactory.csproj", "{017F5EB1-6CA9-412D-821E-38D3B7F4B601}"
EndProject
Global
	GlobalSection(SolutionConfigurationPlatforms) = preSolution
		Debug|Any CPU = Debug|Any CPU
		Release|Any CPU = Release|Any CPU
	EndGlobalSection
	GlobalSection(ProjectConfigurationPlatforms) = postSolution
		{A6D77772-D757-46E3-9A1E-B7A5AF695348}.Debug|Any CPU.ActiveCfg = Debug|Any CPU
		{A6D77772-D757-46E3-9A1E-B7A5AF695348}.Debug|Any CPU.Build.0 = Debug|Any CPU
		{A6D77772-D757-46E3-9A1E-B7A5AF695348}.Release|Any CPU.ActiveCfg = Release|Any CPU
		{A6D77772-D757-46E3-9A1E-B7A5AF695348}.Release|Any CPU.Build.0 = Release|Any CPU
		{EAE69931-6020-44ED-8F11-BF583E20708A}.Debug|Any CPU.ActiveCfg = Debug|Any CPU
		{EAE69931-6020-44ED-8F11-BF583E20708A}.Debug|Any CPU.Build.0 = Debug|Any CPU
		{EAE69931-6020-44ED-8F11-BF583E20708A}.Release|Any CPU.ActiveCfg = Release|Any CPU
		{EAE69931-6020-44ED-8F11-BF583E20708A}.Release|Any CPU.Build.0 = Release|Any CPU
		{017F5EB1-6CA9-412D-821E-38D3B7F4B601}.Debug|Any CPU.ActiveCfg = Debug|Any CPU
		{017F5EB1-6CA9-412D-821E-38D3B7F4B601}.Debug|Any CPU.Build.0 = Debug|Any CPU
		{017F5EB1-6CA9-412D-821E-38D3B7F4B601}.Release|Any CPU.ActiveCfg = Release|Any CPU
		{017F5EB1-6CA9-412D-821E-38D3B7F4B601}.Release|Any CPU.Build.0 = Release|Any CPU
	EndGlobalSection
	GlobalSection(SolutionProperties) = preSolution
		HideSolutionNode = FALSE
	EndGlobalSection
	GlobalSection(ExtensibilityGlobals) = postSolution
		SolutionGuid = {12B3F9D4-1320-43C3-8441-6AE49ABF0673}
	EndGlobalSection
EndGlobal
